github.com/gorilla/mux v1.8.1 h1:TuBL49tXwgrFYWhqrNgrUNEY92u81SPhu7sTdzQEiWY=
github.com/gorilla/mux v1.8.1/go.mod h1:AKf9I4AEqPTmMytcMc0KkNouC66V3BtZ4qD5fmWSiMQ=
github.com/mmcloughlin/geohash v0.10.0 h1:9w1HchfDfdeLc+jFEf/04D27KP7E2QmpDu52wPbJWRE=
github.com/mmcloughlin/geohash v0.10.0/go.mod h1:oNZxQo5yWJh0eMQEP/8hwQuVx9Z9tjwFUqcTB1SmG0c=
